
Microsoft Visual Studio Solution File, Format Version 12.00
# Visual Studio Version 17
VisualStudioVersion = 17.4.33205.214
MinimumVisualStudioVersion = 10.0.40219.1
Project("{FAE04EC0-301F-11D3-BF4B-00C04F79EFBC}") = "StoreManagementSystem", "StoreManagementSystem\StoreManagementSystem.csproj", "{784789AC-4F7A-4960-BD64-FF3B14E4BF17}"
EndProject
Global
	GlobalSection(SolutionConfigurationPlatforms) = preSolution
		Debug|Any CPU = Debug|Any CPU
		Release|Any CPU = Release|Any CPU
	EndGlobalSection
	GlobalSection(ProjectConfigurationPlatforms) = postSolution
		{784789AC-4F7A-4960-BD64-FF3B14E4BF17}.Debug|Any CPU.ActiveCfg = Debug|Any CPU
		{784789AC-4F7A-4960-BD64-FF3B14E4BF17}.Debug|Any CPU.Build.0 = Debug|Any CPU
		{784789AC-4F7A-4960-BD64-FF3B14E4BF17}.Release|Any CPU.ActiveCfg = Release|Any CPU
		{784789AC-4F7A-4960-BD64-FF3B14E4BF17}.Release|Any CPU.Build.0 = Release|Any CPU
	EndGlobalSection
	GlobalSection(SolutionProperties) = preSolution
		HideSolutionNode = FALSE
	EndGlobalSection
	GlobalSection(ExtensibilityGlobals) = postSolution
		SolutionGuid = {0EF3FD3D-3077-4F26-8BDC-5CB6662165EB}
	EndGlobalSection
EndGlobal
