
Microsoft Visual Studio Solution File, Format Version 12.00
# Visual Studio Version 17
VisualStudioVersion = 17.0.31912.275
MinimumVisualStudioVersion = 10.0.40219.1
Project("{FAE04EC0-301F-11D3-BF4B-00C04F79EFBC}") = "EmployeeManagement", "EmployeeManagement.csproj", "{ECB7339D-AA88-4131-A3FE-8951EACD82F4}"
EndProject
Project("{FAE04EC0-301F-11D3-BF4B-00C04F79EFBC}") = "EmployeeTest", "..\EmployeeTest\EmployeeTest.csproj", "{C9663737-8BA3-40BB-A44F-CB4637F4A349}"
EndProject
Global
	GlobalSection(SolutionConfigurationPlatforms) = preSolution
		Debug|Any CPU = Debug|Any CPU
		Release|Any CPU = Release|Any CPU
	EndGlobalSection
	GlobalSection(ProjectConfigurationPlatforms) = postSolution
		{ECB7339D-AA88-4131-A3FE-8951EACD82F4}.Debug|Any CPU.ActiveCfg = Debug|Any CPU
		{ECB7339D-AA88-4131-A3FE-8951EACD82F4}.Debug|Any CPU.Build.0 = Debug|Any CPU
		{ECB7339D-AA88-4131-A3FE-8951EACD82F4}.Release|Any CPU.ActiveCfg = Release|Any CPU
		{ECB7339D-AA88-4131-A3FE-8951EACD82F4}.Release|Any CPU.Build.0 = Release|Any CPU
		{C9663737-8BA3-40BB-A44F-CB4637F4A349}.Debug|Any CPU.ActiveCfg = Debug|Any CPU
		{C9663737-8BA3-40BB-A44F-CB4637F4A349}.Debug|Any CPU.Build.0 = Debug|Any CPU
		{C9663737-8BA3-40BB-A44F-CB4637F4A349}.Release|Any CPU.ActiveCfg = Release|Any CPU
		{C9663737-8BA3-40BB-A44F-CB4637F4A349}.Release|Any CPU.Build.0 = Release|Any CPU
	EndGlobalSection
	GlobalSection(SolutionProperties) = preSolution
		HideSolutionNode = FALSE
	EndGlobalSection
	GlobalSection(ExtensibilityGlobals) = postSolution
		SolutionGuid = {BF4D0238-34BB-4F52-9982-0BA703114C07}
	EndGlobalSection
EndGlobal
